// !$*UTF8*$!
{
	archiveVersion = 1;
	classes = {
	};
	objectVersion = 56;
	objects = {

/* Begin PBXBuildFile section */
		71CE108E2B718F8600A8784B /* SayItAgainApp.swift in Sources */ = {isa = PBXBuildFile; fileRef = 71CE108D2B718F8600A8784B /* SayItAgainApp.swift */; };
		71CE10902B718F8600A8784B /* ContentView.swift in Sources */ = {isa = PBXBuildFile; fileRef = 71CE108F2B718F8600A8784B /* ContentView.swift */; };
		71CE10922B718F8800A8784B /* Assets.xcassets in Resources */ = {isa = PBXBuildFile; fileRef = 71CE10912B718F8800A8784B /* Assets.xcassets */; };
		71CE10952B718F8800A8784B /* Preview Assets.xcassets in Resources */ = {isa = PBXBuildFile; fileRef = 71CE10942B718F8800A8784B /* Preview Assets.xcassets */; };
		71CE10A02B7190D700A8784B /* MusicViewModel.swift in Sources */ = {isa = PBXBuildFile; fileRef = 71CE109F2B7190D700A8784B /* MusicViewModel.swift */; };
		71CE10A22B7190F200A8784B /* SLFLog.swift in Sources */ = {isa = PBXBuildFile; fileRef = 71CE10A12B7190F200A8784B /* SLFLog.swift */; };
		71CE10AC2B71911C00A8784B /* PlaylistsView.swift in Sources */ = {isa = PBXBuildFile; fileRef = 71CE10A32B71911B00A8784B /* PlaylistsView.swift */; };
		71CE10AD2B71911C00A8784B /* AlbumsView.swift in Sources */ = {isa = PBXBuildFile; fileRef = 71CE10A42B71911B00A8784B /* AlbumsView.swift */; };
		71CE10AE2B71911C00A8784B /* TracksView.swift in Sources */ = {isa = PBXBuildFile; fileRef = 71CE10A52B71911C00A8784B /* TracksView.swift */; };
		71CE10AF2B71911C00A8784B /* NewestAlbumsView.swift in Sources */ = {isa = PBXBuildFile; fileRef = 71CE10A62B71911C00A8784B /* NewestAlbumsView.swift */; };
		71CE10B12B71911C00A8784B /* ArtistsView.swift in Sources */ = {isa = PBXBuildFile; fileRef = 71CE10A82B71911C00A8784B /* ArtistsView.swift */; };
		71CE10B22B71911C00A8784B /* LaunchScreenView.swift in Sources */ = {isa = PBXBuildFile; fileRef = 71CE10A92B71911C00A8784B /* LaunchScreenView.swift */; };
		71CE10B42B71911C00A8784B /* AlbumsFromArtistView.swift in Sources */ = {isa = PBXBuildFile; fileRef = 71CE10AB2B71911C00A8784B /* AlbumsFromArtistView.swift */; };
		71E8D4BA2B72867D008E07F6 /* TranscribeView.swift in Sources */ = {isa = PBXBuildFile; fileRef = 71E8D4B92B72867D008E07F6 /* TranscribeView.swift */; };
		71E8D4BD2B72906A008E07F6 /* plus_15_v1.imageset in Resources */ = {isa = PBXBuildFile; fileRef = 71E8D4BB2B72906A008E07F6 /* plus_15_v1.imageset */; };
		71E8D4BE2B72906A008E07F6 /* minus_15_v1.imageset in Resources */ = {isa = PBXBuildFile; fileRef = 71E8D4BC2B72906A008E07F6 /* minus_15_v1.imageset */; };
/* End PBXBuildFile section */

/* Begin PBXFileReference section */
		71CE108A2B718F8600A8784B /* SayItAgain.app */ = {isa = PBXFileReference; explicitFileType = wrapper.application; includeInIndex = 0; path = SayItAgain.app; sourceTree = BUILT_PRODUCTS_DIR; };
		71CE108D2B718F8600A8784B /* SayItAgainApp.swift */ = {isa = PBXFileReference; lastKnownFileType = sourcecode.swift; path = SayItAgainApp.swift; sourceTree = "<group>"; };
		71CE108F2B718F8600A8784B /* ContentView.swift */ = {isa = PBXFileReference; lastKnownFileType = sourcecode.swift; path = ContentView.swift; sourceTree = "<group>"; };
		71CE10912B718F8800A8784B /* Assets.xcassets */ = {isa = PBXFileReference; lastKnownFileType = folder.assetcatalog; path = Assets.xcassets; sourceTree = "<group>"; };
		71CE10942B718F8800A8784B /* Preview Assets.xcassets */ = {isa = PBXFileReference; lastKnownFileType = folder.assetcatalog; path = "Preview Assets.xcassets"; sourceTree = "<group>"; };
		71CE109F2B7190D700A8784B /* MusicViewModel.swift */ = {isa = PBXFileReference; fileEncoding = 4; lastKnownFileType = sourcecode.swift; path = MusicViewModel.swift; sourceTree = "<group>"; };
		71CE10A12B7190F200A8784B /* SLFLog.swift */ = {isa = PBXFileReference; fileEncoding = 4; lastKnownFileType = sourcecode.swift; path = SLFLog.swift; sourceTree = "<group>"; };
		71CE10A32B71911B00A8784B /* PlaylistsView.swift */ = {isa = PBXFileReference; fileEncoding = 4; lastKnownFileType = sourcecode.swift; path = PlaylistsView.swift; sourceTree = "<group>"; };
		71CE10A42B71911B00A8784B /* AlbumsView.swift */ = {isa = PBXFileReference; fileEncoding = 4; lastKnownFileType = sourcecode.swift; path = AlbumsView.swift; sourceTree = "<group>"; };
		71CE10A52B71911C00A8784B /* TracksView.swift */ = {isa = PBXFileReference; fileEncoding = 4; lastKnownFileType = sourcecode.swift; path = TracksView.swift; sourceTree = "<group>"; };
		71CE10A62B71911C00A8784B /* NewestAlbumsView.swift */ = {isa = PBXFileReference; fileEncoding = 4; lastKnownFileType = sourcecode.swift; path = NewestAlbumsView.swift; sourceTree = "<group>"; };
		71CE10A82B71911C00A8784B /* ArtistsView.swift */ = {isa = PBXFileReference; fileEncoding = 4; lastKnownFileType = sourcecode.swift; path = ArtistsView.swift; sourceTree = "<group>"; };
		71CE10A92B71911C00A8784B /* LaunchScreenView.swift */ = {isa = PBXFileReference; fileEncoding = 4; lastKnownFileType = sourcecode.swift; path = LaunchScreenView.swift; sourceTree = "<group>"; };
		71CE10AB2B71911C00A8784B /* AlbumsFromArtistView.swift */ = {isa = PBXFileReference; fileEncoding = 4; lastKnownFileType = sourcecode.swift; path = AlbumsFromArtistView.swift; sourceTree = "<group>"; };
		71E8D4B92B72867D008E07F6 /* TranscribeView.swift */ = {isa = PBXFileReference; lastKnownFileType = sourcecode.swift; path = TranscribeView.swift; sourceTree = "<group>"; };
		71E8D4BB2B72906A008E07F6 /* plus_15_v1.imageset */ = {isa = PBXFileReference; lastKnownFileType = folder; path = plus_15_v1.imageset; sourceTree = "<group>"; };
		71E8D4BC2B72906A008E07F6 /* minus_15_v1.imageset */ = {isa = PBXFileReference; lastKnownFileType = folder; path = minus_15_v1.imageset; sourceTree = "<group>"; };
/* End PBXFileReference section */

/* Begin PBXFrameworksBuildPhase section */
		71CE10872B718F8600A8784B /* Frameworks */ = {
			isa = PBXFrameworksBuildPhase;
			buildActionMask = 2147483647;
			files = (
			);
			runOnlyForDeploymentPostprocessing = 0;
		};
/* End PBXFrameworksBuildPhase section */

/* Begin PBXGroup section */
		71CE10812B718F8600A8784B = {
			isa = PBXGroup;
			children = (
				71CE108C2B718F8600A8784B /* SayItAgain */,
				71CE108B2B718F8600A8784B /* Products */,
			);
			sourceTree = "<group>";
		};
		71CE108B2B718F8600A8784B /* Products */ = {
			isa = PBXGroup;
			children = (
				71CE108A2B718F8600A8784B /* SayItAgain.app */,
			);
			name = Products;
			sourceTree = "<group>";
		};
		71CE108C2B718F8600A8784B /* SayItAgain */ = {
			isa = PBXGroup;
			children = (
				71CE109E2B71905F00A8784B /* Utilities */,
				71CE109D2B71902E00A8784B /* ViewModels */,
				71CE109C2B71902100A8784B /* Models */,
				71CE109B2B718FF000A8784B /* Views */,
				71CE108D2B718F8600A8784B /* SayItAgainApp.swift */,
				71CE108F2B718F8600A8784B /* ContentView.swift */,
				71CE10912B718F8800A8784B /* Assets.xcassets */,
				71E8D4BC2B72906A008E07F6 /* minus_15_v1.imageset */,
				71E8D4BB2B72906A008E07F6 /* plus_15_v1.imageset */,
				71CE10932B718F8800A8784B /* Preview Content */,
			);
			path = SayItAgain;
			sourceTree = "<group>";
		};
		71CE10932B718F8800A8784B /* Preview Content */ = {
			isa = PBXGroup;
			children = (
				71CE10942B718F8800A8784B /* Preview Assets.xcassets */,
			);
			path = "Preview Content";
			sourceTree = "<group>";
		};
		71CE109B2B718FF000A8784B /* Views */ = {
			isa = PBXGroup;
			children = (
				71CE10AB2B71911C00A8784B /* AlbumsFromArtistView.swift */,
				71CE10A42B71911B00A8784B /* AlbumsView.swift */,
				71CE10A82B71911C00A8784B /* ArtistsView.swift */,
				71CE10A92B71911C00A8784B /* LaunchScreenView.swift */,
				71CE10A62B71911C00A8784B /* NewestAlbumsView.swift */,
				71CE10A32B71911B00A8784B /* PlaylistsView.swift */,
				71CE10A52B71911C00A8784B /* TracksView.swift */,
				71E8D4B92B72867D008E07F6 /* TranscribeView.swift */,
			);
			path = Views;
			sourceTree = "<group>";
		};
		71CE109C2B71902100A8784B /* Models */ = {
			isa = PBXGroup;
			children = (
			);
			path = Models;
			sourceTree = "<group>";
		};
		71CE109D2B71902E00A8784B /* ViewModels */ = {
			isa = PBXGroup;
			children = (
				71CE109F2B7190D700A8784B /* MusicViewModel.swift */,
			);
			path = ViewModels;
			sourceTree = "<group>";
		};
		71CE109E2B71905F00A8784B /* Utilities */ = {
			isa = PBXGroup;
			children = (
				71CE10A12B7190F200A8784B /* SLFLog.swift */,
			);
			path = Utilities;
			sourceTree = "<group>";
		};
/* End PBXGroup section */

/* Begin PBXNativeTarget section */
		71CE10892B718F8600A8784B /* SayItAgain */ = {
			isa = PBXNativeTarget;
			buildConfigurationList = 71CE10982B718F8800A8784B /* Build configuration list for PBXNativeTarget "SayItAgain" */;
			buildPhases = (
				71CE10862B718F8600A8784B /* Sources */,
				71CE10872B718F8600A8784B /* Frameworks */,
				71CE10882B718F8600A8784B /* Resources */,
			);
			buildRules = (
			);
			dependencies = (
			);
			name = SayItAgain;
			productName = SayItAgain;
			productReference = 71CE108A2B718F8600A8784B /* SayItAgain.app */;
			productType = "com.apple.product-type.application";
		};
/* End PBXNativeTarget section */

/* Begin PBXProject section */
		71CE10822B718F8600A8784B /* Project object */ = {
			isa = PBXProject;
			attributes = {
				BuildIndependentTargetsInParallel = 1;
				LastSwiftUpdateCheck = 1520;
				LastUpgradeCheck = 1520;
				TargetAttributes = {
					71CE10892B718F8600A8784B = {
						CreatedOnToolsVersion = 15.2;
					};
				};
			};
			buildConfigurationList = 71CE10852B718F8600A8784B /* Build configuration list for PBXProject "SayItAgain" */;
			compatibilityVersion = "Xcode 14.0";
			developmentRegion = en;
			hasScannedForEncodings = 0;
			knownRegions = (
				en,
				Base,
			);
			mainGroup = 71CE10812B718F8600A8784B;
			productRefGroup = 71CE108B2B718F8600A8784B /* Products */;
			projectDirPath = "";
			projectRoot = "";
			targets = (
				71CE10892B718F8600A8784B /* SayItAgain */,
			);
		};
/* End PBXProject section */

/* Begin PBXResourcesBuildPhase section */
		71CE10882B718F8600A8784B /* Resources */ = {
			isa = PBXResourcesBuildPhase;
			buildActionMask = 2147483647;
			files = (
				71E8D4BE2B72906A008E07F6 /* minus_15_v1.imageset in Resources */,
				71CE10952B718F8800A8784B /* Preview Assets.xcassets in Resources */,
				71E8D4BD2B72906A008E07F6 /* plus_15_v1.imageset in Resources */,
				71CE10922B718F8800A8784B /* Assets.xcassets in Resources */,
			);
			runOnlyForDeploymentPostprocessing = 0;
		};
/* End PBXResourcesBuildPhase section */

/* Begin PBXSourcesBuildPhase section */
		71CE10862B718F8600A8784B /* Sources */ = {
			isa = PBXSourcesBuildPhase;
			buildActionMask = 2147483647;
			files = (
				71CE10AC2B71911C00A8784B /* PlaylistsView.swift in Sources */,
				71CE10A02B7190D700A8784B /* MusicViewModel.swift in Sources */,
				71CE10AD2B71911C00A8784B /* AlbumsView.swift in Sources */,
				71CE10902B718F8600A8784B /* ContentView.swift in Sources */,
				71E8D4BA2B72867D008E07F6 /* TranscribeView.swift in Sources */,
				71CE10A22B7190F200A8784B /* SLFLog.swift in Sources */,
				71CE108E2B718F8600A8784B /* SayItAgainApp.swift in Sources */,
				71CE10B42B71911C00A8784B /* AlbumsFromArtistView.swift in Sources */,
				71CE10B12B71911C00A8784B /* ArtistsView.swift in Sources */,
				71CE10B22B71911C00A8784B /* LaunchScreenView.swift in Sources */,
				71CE10AF2B71911C00A8784B /* NewestAlbumsView.swift in Sources */,
				71CE10AE2B71911C00A8784B /* TracksView.swift in Sources */,
			);
			runOnlyForDeploymentPostprocessing = 0;
		};
/* End PBXSourcesBuildPhase section */

/* Begin XCBuildConfiguration section */
		71CE10962B718F8800A8784B /* Debug */ = {
			isa = XCBuildConfiguration;
			buildSettings = {
				ALWAYS_SEARCH_USER_PATHS = NO;
				ASSETCATALOG_COMPILER_GENERATE_SWIFT_ASSET_SYMBOL_EXTENSIONS = YES;
				CLANG_ANALYZER_NONNULL = YES;
				CLANG_ANALYZER_NUMBER_OBJECT_CONVERSION = YES_AGGRESSIVE;
				CLANG_CXX_LANGUAGE_STANDARD = "gnu++20";
				CLANG_ENABLE_MODULES = YES;
				CLANG_ENABLE_OBJC_ARC = YES;
				CLANG_ENABLE_OBJC_WEAK = YES;
				CLANG_WARN_BLOCK_CAPTURE_AUTORELEASING = YES;
				CLANG_WARN_BOOL_CONVERSION = YES;
				CLANG_WARN_COMMA = YES;
				CLANG_WARN_CONSTANT_CONVERSION = YES;
				CLANG_WARN_DEPRECATED_OBJC_IMPLEMENTATIONS = YES;
				CLANG_WARN_DIRECT_OBJC_ISA_USAGE = YES_ERROR;
				CLANG_WARN_DOCUMENTATION_COMMENTS = YES;
				CLANG_WARN_EMPTY_BODY = YES;
				CLANG_WARN_ENUM_CONVERSION = YES;
				CLANG_WARN_INFINITE_RECURSION = YES;
				CLANG_WARN_INT_CONVERSION = YES;
				CLANG_WARN_NON_LITERAL_NULL_CONVERSION = YES;
				CLANG_WARN_OBJC_IMPLICIT_RETAIN_SELF = YES;
				CLANG_WARN_OBJC_LITERAL_CONVERSION = YES;
				CLANG_WARN_OBJC_ROOT_CLASS = YES_ERROR;
				CLANG_WARN_QUOTED_INCLUDE_IN_FRAMEWORK_HEADER = YES;
				CLANG_WARN_RANGE_LOOP_ANALYSIS = YES;
				CLANG_WARN_STRICT_PROTOTYPES = YES;
				CLANG_WARN_SUSPICIOUS_MOVE = YES;
				CLANG_WARN_UNGUARDED_AVAILABILITY = YES_AGGRESSIVE;
				CLANG_WARN_UNREACHABLE_CODE = YES;
				CLANG_WARN__DUPLICATE_METHOD_MATCH = YES;
				COPY_PHASE_STRIP = NO;
				DEBUG_INFORMATION_FORMAT = dwarf;
				ENABLE_STRICT_OBJC_MSGSEND = YES;
				ENABLE_TESTABILITY = YES;
				ENABLE_USER_SCRIPT_SANDBOXING = YES;
				GCC_C_LANGUAGE_STANDARD = gnu17;
				GCC_DYNAMIC_NO_PIC = NO;
				GCC_NO_COMMON_BLOCKS = YES;
				GCC_OPTIMIZATION_LEVEL = 0;
				GCC_PREPROCESSOR_DEFINITIONS = (
					"DEBUG=1",
					"$(inherited)",
				);
				GCC_WARN_64_TO_32_BIT_CONVERSION = YES;
				GCC_WARN_ABOUT_RETURN_TYPE = YES_ERROR;
				GCC_WARN_UNDECLARED_SELECTOR = YES;
				GCC_WARN_UNINITIALIZED_AUTOS = YES_AGGRESSIVE;
				GCC_WARN_UNUSED_FUNCTION = YES;
				GCC_WARN_UNUSED_VARIABLE = YES;
				IPHONEOS_DEPLOYMENT_TARGET = 17.2;
				LOCALIZATION_PREFERS_STRING_CATALOGS = YES;
				MTL_ENABLE_DEBUG_INFO = INCLUDE_SOURCE;
				MTL_FAST_MATH = YES;
				ONLY_ACTIVE_ARCH = YES;
				SDKROOT = iphoneos;
				SWIFT_ACTIVE_COMPILATION_CONDITIONS = "DEBUG $(inherited)";
				SWIFT_OPTIMIZATION_LEVEL = "-Onone";
			};
			name = Debug;
		};
		71CE10972B718F8800A8784B /* Release */ = {
			isa = XCBuildConfiguration;
			buildSettings = {
				ALWAYS_SEARCH_USER_PATHS = NO;
				ASSETCATALOG_COMPILER_GENERATE_SWIFT_ASSET_SYMBOL_EXTENSIONS = YES;
				CLANG_ANALYZER_NONNULL = YES;
				CLANG_ANALYZER_NUMBER_OBJECT_CONVERSION = YES_AGGRESSIVE;
				CLANG_CXX_LANGUAGE_STANDARD = "gnu++20";
				CLANG_ENABLE_MODULES = YES;
				CLANG_ENABLE_OBJC_ARC = YES;
				CLANG_ENABLE_OBJC_WEAK = YES;
				CLANG_WARN_BLOCK_CAPTURE_AUTORELEASING = YES;
				CLANG_WARN_BOOL_CONVERSION = YES;
				CLANG_WARN_COMMA = YES;
				CLANG_WARN_CONSTANT_CONVERSION = YES;
				CLANG_WARN_DEPRECATED_OBJC_IMPLEMENTATIONS = YES;
				CLANG_WARN_DIRECT_OBJC_ISA_USAGE = YES_ERROR;
				CLANG_WARN_DOCUMENTATION_COMMENTS = YES;
				CLANG_WARN_EMPTY_BODY = YES;
				CLANG_WARN_ENUM_CONVERSION = YES;
				CLANG_WARN_INFINITE_RECURSION = YES;
				CLANG_WARN_INT_CONVERSION = YES;
				CLANG_WARN_NON_LITERAL_NULL_CONVERSION = YES;
				CLANG_WARN_OBJC_IMPLICIT_RETAIN_SELF = YES;
				CLANG_WARN_OBJC_LITERAL_CONVERSION = YES;
				CLANG_WARN_OBJC_ROOT_CLASS = YES_ERROR;
				CLANG_WARN_QUOTED_INCLUDE_IN_FRAMEWORK_HEADER = YES;
				CLANG_WARN_RANGE_LOOP_ANALYSIS = YES;
				CLANG_WARN_STRICT_PROTOTYPES = YES;
				CLANG_WARN_SUSPICIOUS_MOVE = YES;
				CLANG_WARN_UNGUARDED_AVAILABILITY = YES_AGGRESSIVE;
				CLANG_WARN_UNREACHABLE_CODE = YES;
				CLANG_WARN__DUPLICATE_METHOD_MATCH = YES;
				COPY_PHASE_STRIP = NO;
				DEBUG_INFORMATION_FORMAT = "dwarf-with-dsym";
				ENABLE_NS_ASSERTIONS = NO;
				ENABLE_STRICT_OBJC_MSGSEND = YES;
				ENABLE_USER_SCRIPT_SANDBOXING = YES;
				GCC_C_LANGUAGE_STANDARD = gnu17;
				GCC_NO_COMMON_BLOCKS = YES;
				GCC_WARN_64_TO_32_BIT_CONVERSION = YES;
				GCC_WARN_ABOUT_RETURN_TYPE = YES_ERROR;
				GCC_WARN_UNDECLARED_SELECTOR = YES;
				GCC_WARN_UNINITIALIZED_AUTOS = YES_AGGRESSIVE;
				GCC_WARN_UNUSED_FUNCTION = YES;
				GCC_WARN_UNUSED_VARIABLE = YES;
				IPHONEOS_DEPLOYMENT_TARGET = 17.2;
				LOCALIZATION_PREFERS_STRING_CATALOGS = YES;
				MTL_ENABLE_DEBUG_INFO = NO;
				MTL_FAST_MATH = YES;
				SDKROOT = iphoneos;
				SWIFT_COMPILATION_MODE = wholemodule;
				VALIDATE_PRODUCT = YES;
			};
			name = Release;
		};
		71CE10992B718F8800A8784B /* Debug */ = {
			isa = XCBuildConfiguration;
			buildSettings = {
				ASSETCATALOG_COMPILER_APPICON_NAME = AppIcon;
				ASSETCATALOG_COMPILER_GLOBAL_ACCENT_COLOR_NAME = AccentColor;
				CODE_SIGN_STYLE = Automatic;
				CURRENT_PROJECT_VERSION = 1;
				DEVELOPMENT_ASSET_PATHS = "\"SayItAgain/Preview Content\"";
				DEVELOPMENT_TEAM = SDK22Z6CLU;
				ENABLE_PREVIEWS = YES;
				GENERATE_INFOPLIST_FILE = YES;
				INFOPLIST_KEY_NSAppleMusicUsageDescription = "This app requires Apple Music library access to display artists, albums, playlists, and to play music tracks.";
				INFOPLIST_KEY_UIApplicationSceneManifest_Generation = YES;
				INFOPLIST_KEY_UIApplicationSupportsIndirectInputEvents = YES;
				INFOPLIST_KEY_UILaunchScreen_Generation = YES;
				INFOPLIST_KEY_UISupportedInterfaceOrientations = "UIInterfaceOrientationPortrait UIInterfaceOrientationPortraitUpsideDown";
				INFOPLIST_KEY_UISupportedInterfaceOrientations_iPad = "UIInterfaceOrientationLandscapeLeft UIInterfaceOrientationLandscapeRight UIInterfaceOrientationPortrait UIInterfaceOrientationPortraitUpsideDown";
				IPHONEOS_DEPLOYMENT_TARGET = 17.2;
				LD_RUNPATH_SEARCH_PATHS = (
					"$(inherited)",
					"@executable_path/Frameworks",
				);
				MARKETING_VERSION = 1.0;
				PRODUCT_BUNDLE_IDENTIFIER = com.stewart.french.SayItAgain;
				PRODUCT_NAME = "$(TARGET_NAME)";
				SUPPORTED_PLATFORMS = "iphoneos iphonesimulator";
				SUPPORTS_MACCATALYST = NO;
				SUPPORTS_MAC_DESIGNED_FOR_IPHONE_IPAD = NO;
				SWIFT_EMIT_LOC_STRINGS = YES;
				SWIFT_VERSION = 5.0;
				TARGETED_DEVICE_FAMILY = "1,2";
			};
			name = Debug;
		};
		71CE109A2B718F8800A8784B /* Release */ = {
			isa = XCBuildConfiguration;
			buildSettings = {
				ASSETCATALOG_COMPILER_APPICON_NAME = AppIcon;
				ASSETCATALOG_COMPILER_GLOBAL_ACCENT_COLOR_NAME = AccentColor;
				CODE_SIGN_STYLE = Automatic;
				CURRENT_PROJECT_VERSION = 1;
				DEVELOPMENT_ASSET_PATHS = "\"SayItAgain/Preview Content\"";
				DEVELOPMENT_TEAM = SDK22Z6CLU;
				ENABLE_PREVIEWS = YES;
				GENERATE_INFOPLIST_FILE = YES;
				INFOPLIST_KEY_NSAppleMusicUsageDescription = "This app requires Apple Music library access to display artists, albums, playlists, and to play music tracks.";
				INFOPLIST_KEY_UIApplicationSceneManifest_Generation = YES;
				INFOPLIST_KEY_UIApplicationSupportsIndirectInputEvents = YES;
				INFOPLIST_KEY_UILaunchScreen_Generation = YES;
				INFOPLIST_KEY_UISupportedInterfaceOrientations = "UIInterfaceOrientationPortrait UIInterfaceOrientationPortraitUpsideDown";
				INFOPLIST_KEY_UISupportedInterfaceOrientations_iPad = "UIInterfaceOrientationLandscapeLeft UIInterfaceOrientationLandscapeRight UIInterfaceOrientationPortrait UIInterfaceOrientationPortraitUpsideDown";
				IPHONEOS_DEPLOYMENT_TARGET = 17.2;
				LD_RUNPATH_SEARCH_PATHS = (
					"$(inherited)",
					"@executable_path/Frameworks",
				);
				MARKETING_VERSION = 1.0;
				PRODUCT_BUNDLE_IDENTIFIER = com.stewart.french.SayItAgain;
				PRODUCT_NAME = "$(TARGET_NAME)";
				SUPPORTED_PLATFORMS = "iphoneos iphonesimulator";
				SUPPORTS_MACCATALYST = NO;
				SUPPORTS_MAC_DESIGNED_FOR_IPHONE_IPAD = NO;
				SWIFT_EMIT_LOC_STRINGS = YES;
				SWIFT_VERSION = 5.0;
				TARGETED_DEVICE_FAMILY = "1,2";
			};
			name = Release;
		};
/* End XCBuildConfiguration section */

/* Begin XCConfigurationList section */
		71CE10852B718F8600A8784B /* Build configuration list for PBXProject "SayItAgain" */ = {
			isa = XCConfigurationList;
			buildConfigurations = (
				71CE10962B718F8800A8784B /* Debug */,
				71CE10972B718F8800A8784B /* Release */,
			);
			defaultConfigurationIsVisible = 0;
			defaultConfigurationName = Release;
		};
		71CE10982B718F8800A8784B /* Build configuration list for PBXNativeTarget "SayItAgain" */ = {
			isa = XCConfigurationList;
			buildConfigurations = (
				71CE10992B718F8800A8784B /* Debug */,
				71CE109A2B718F8800A8784B /* Release */,
			);
			defaultConfigurationIsVisible = 0;
			defaultConfigurationName = Release;
		};
/* End XCConfigurationList section */
	};
	rootObject = 71CE10822B718F8600A8784B /* Project object */;
}
